version = 1
revision = 3
requires-python = ">=3.13"

[[package]]
name = "jax"
version = "0.10.2"
source = { registry = "https://pypi.org/simple" }
dependencies = [
    { name = "jaxlib" },
    { name = "ml-dtypes" },
    { name = "numpy" },
    { name = "opt-einsum" },
    { name = "scipy" },
]
sdist = { url = "https://files.pythonhosted.org/packages/d2/73/eb91d98fcadfa2cbcfdd4e417ab116e47eb20882acc5ee678e47c35d6b57/jax-0.10.2.tar.gz", hash = "sha256:bf77428a8c2e6904c4f46d5ab12aa5cfc6cad2179f07f7e4c0fc75ac86ef0639", size = 2775110, upload-time = "2026-06-17T23:44:57.818Z" }
wheels = [
    { url = "https://files.pythonhosted.org/packages/89/82/5ab5211079a151b6f661529369c0c8e98ec64cabf5c0cf22a0a05af124d8/jax-0.10.2-py3-none-any.whl", hash = "sha256:724d73c4678d8b06f6a6ab4db1b8a2fea8cd4f1e2c2564f99601634ec7b8d1c6", size = 3219515, upload-time = "2026-06-17T23:42:41.259Z" },
]

[[package]]
name = "jaxlib"
version = "0.10.2"
source = { registry = "https://pypi.org/simple" }
dependencies = [
    { name = "ml-dtypes" },
    { name = "numpy" },
    { name = "scipy" },
]
wheels = [
    { url = "https://files.pythonhosted.org/packages/c2/68/eaa4cebe253359196a8e80a33b242959e27d8d2a6ae3d09339f21da2acb8/jaxlib-0.10.2-cp313-cp313-macosx_11_0_arm64.whl", hash = "sha256:4df530afa354a22dc1747a5d560640450cbb895d49889338a3f58c76a4c76c8e", size = 61434805, upload-time = "2026-06-17T23:44:10.511Z" },
    { url = "https://files.pythonhosted.org/packages/25/c1/4b884ea5962b6beb3c0f93742db54246bbf8b3274e48b0aca47908e454be/jaxlib-0.10.2-cp313-cp313-manylinux_2_27_aarch64.whl", hash = "sha256:45b28b0238697ab74bbcf20411aafb6db42acc31836cc2fd711e5cf056bf9556", size = 81084260, upload-time = "2026-06-17T23:44:14.065Z" },
    { url = "https://files.pythonhosted.org/packages/36/ac/4ee28c65861605945223145fbcd3c9362ec2255ddf7d917574e205548c82/jaxlib-0.10.2-cp313-cp313-manylinux_2_27_x86_64.whl", hash = "sha256:9e4818b4a8756fd3918766ca2aa5342125809f4f08a6fe46026d4386e7c23644", size = 85467706, upload-time = "2026-06-17T23:44:17.471Z" },
    { url = "https://files.pythonhosted.org/packages/79/54/9918b0f77a25a1299818c0610305ca2bea38ed90584f4489b60357e2dd39/jaxlib-0.10.2-cp313-cp313-win_amd64.whl", hash = "sha256:c75d6f1df1c9cff08e110b4a21c79560fdc502f4288972d6b117d25dafd44352", size = 65897894, upload-time = "2026-06-17T23:44:21.153Z" },
    { url = "https://files.pythonhosted.org/packages/56/5b/70df11da52a8b1a826184cccc05a3fec8aed76058a980021873fba3069cb/jaxlib-0.10.2-cp313-cp313t-macosx_11_0_arm64.whl", hash = "sha256:4c202d8ff7c1f3b5049dbd8f1e30e52759cd4e0a5835f0b3c7ae076a05818e28", size = 61564746, upload-time = "2026-06-17T23:44:24.421Z" },
    { url = "https://files.pythonhosted.org/packages/23/5c/184a648ea5db6c8b1a08fc5784c157b4c557255e009fb56091393df3c6de/jaxlib-0.10.2-cp313-cp313t-manylinux_2_27_aarch64.whl", hash = "sha256:b7b029bb95d981566750475b9719a9d6b66ed5dd2748851667899b6cfe075299", size = 81204888, upload-time = "2026-06-17T23:44:27.57Z" },
    { url = "https://files.pythonhosted.org/packages/6c/5c/539596a55265711d74147913278bcdc38412980be7d74d9c9d860297c486/jaxlib-0.10.2-cp313-cp313t-manylinux_2_27_x86_64.whl", hash = "sha256:e8b126097d609b0c6e6786e89f6dd6978adc02ebd5f63a1c61293fbac7821305", size = 85583810, upload-time = "2026-06-17T23:44:30.962Z" },
    { url = "https://files.pythonhosted.org/packages/f2/0d/27471ec9f1d04674f6e62de809412371e097aed3eca7d9483e677c54c214/jaxlib-0.10.2-cp314-cp314-macosx_11_0_arm64.whl", hash = "sha256:72eba28b12fee02616fa42aa4b881b4ab62d7757c7843c462401d3fb34a27be4", size = 61446097, upload-time = "2026-06-17T23:44:34.196Z" },
    { url = "https://files.pythonhosted.org/packages/af/c8/941a7f7f37510f51290a5bd1a413aeef977fb8ba8adc0cfe8391233a764c/jaxlib-0.10.2-cp314-cp314-manylinux_2_27_aarch64.whl", hash = "sha256:f18f56fee90699cfba9b6627045a7a299702cb0e2af82ce180d9a6a7c8048093", size = 81096546, upload-time = "2026-06-17T23:44:37.486Z" },
    { url = "https://files.pythonhosted.org/packages/69/77/ac054882c220872512df28d16aeb648fe0e651efbb5be4fd7c4817fd88b0/jaxlib-0.10.2-cp314-cp314-manylinux_2_27_x86_64.whl", hash = "sha256:ca34f363197fb0ac4082582ca755007910369e33f8a8ba3d35ed94b71070107d", size = 85472993, upload-time = "2026-06-17T23:44:40.904Z" },
    { url = "https://files.pythonhosted.org/packages/0d/7d/c592d1fa69c210be0d2743fffc598dfc2f54efa9671c5f6f5d1e151c6f4a/jaxlib-0.10.2-cp314-cp314-win_amd64.whl", hash = "sha256:99818b0a18adc0b899abf4873795e8d65169441d87ab2e5cbb228e73d0f25808", size = 68376553, upload-time = "2026-06-17T23:44:44.968Z" },
    { url = "https://files.pythonhosted.org/packages/54/9b/91b00ec74985d29708b50420b4103c1f651c8f1c253d4fcb49d1bbb532cd/jaxlib-0.10.2-cp314-cp314t-macosx_11_0_arm64.whl", hash = "sha256:fc62997fce8831819551a2a5469a818169b09582b5b648c102d11ac7205bb812", size = 61564620, upload-time = "2026-06-17T23:44:48.217Z" },
    { url = "https://files.pythonhosted.org/packages/a1/c7/49d2b19c3b3105c30e1d3af2062e82e1977fb239d3dc3cbb583ef676dda7/jaxlib-0.10.2-cp314-cp314t-manylinux_2_27_aarch64.whl", hash = "sha256:a24d6e3cba263978293eae8b41330d5ccf24d6cdd1a6bcd4e82aff34e767620d", size = 81206365, upload-time = "2026-06-17T23:44:51.419Z" },
    { url = "https://files.pythonhosted.org/packages/bf/99/006cedf443f4a01f2088651facce79b2105bfb4905bfe9162eb0920a6dfb/jaxlib-0.10.2-cp314-cp314t-manylinux_2_27_x86_64.whl", hash = "sha256:5a2ac7aed7c4e661f67600bbcdec9e589151c1efec91f4cdb8d484af1a45c895", size = 85584458, upload-time = "2026-06-17T23:44:55.377Z" },
]

[[package]]
name = "ml-dtypes"
version = "0.5.4"
source = { registry = "https://pypi.org/simple" }
dependencies = [
    { name = "numpy" },
]
sdist = { url = "https://files.pythonhosted.org/packages/0e/4a/c27b42ed9b1c7d13d9ba8b6905dece787d6259152f2309338aed29b2447b/ml_dtypes-0.5.4.tar.gz", hash = "sha256:8ab06a50fb9bf9666dd0fe5dfb4676fa2b0ac0f31ecff72a6c3af8e22c063453", size = 692314, upload-time = "2025-11-17T22:32:31.031Z" }
wheels = [
    { url = "https://files.pythonhosted.org/packages/d9/a1/4008f14bbc616cfb1ac5b39ea485f9c63031c4634ab3f4cf72e7541f816a/ml_dtypes-0.5.4-cp313-cp313-macosx_10_13_universal2.whl", hash = "sha256:8c760d85a2f82e2bed75867079188c9d18dae2ee77c25a54d60e9cc79be1bc48", size = 676888, upload-time = "2025-11-17T22:31:56.907Z" },
    { url = "https://files.pythonhosted.org/packages/d3/b7/dff378afc2b0d5a7d6cd9d3209b60474d9819d1189d347521e1688a60a53/ml_dtypes-0.5.4-cp313-cp313-manylinux_2_27_aarch64.manylinux_2_28_aarch64.whl", hash = "sha256:ce756d3a10d0c4067172804c9cc276ba9cc0ff47af9078ad439b075d1abdc29b", size = 5036993, upload-time = "2025-11-17T22:31:58.497Z" },
    { url = "https://files.pythonhosted.org/packages/eb/33/40cd74219417e78b97c47802037cf2d87b91973e18bb968a7da48a96ea44/ml_dtypes-0.5.4-cp313-cp313-manylinux_2_27_x86_64.manylinux_2_28_x86_64.whl", hash = "sha256:533ce891ba774eabf607172254f2e7260ba5f57bdd64030c9a4fcfbd99815d0d", size = 5010956, upload-time = "2025-11-17T22:31:59.931Z" },
    { url = "https://files.pythonhosted.org/packages/e1/8b/200088c6859d8221454825959df35b5244fa9bdf263fd0249ac5fb75e281/ml_dtypes-0.5.4-cp313-cp313-win_amd64.whl", hash = "sha256:f21c9219ef48ca5ee78402d5cc831bd58ea27ce89beda894428bc67a52da5328", size = 212224, upload-time = "2025-11-17T22:32:01.349Z" },
    { url = "https://files.pythonhosted.org/packages/8f/75/dfc3775cb36367816e678f69a7843f6f03bd4e2bcd79941e01ea960a068e/ml_dtypes-0.5.4-cp313-cp313-win_arm64.whl", hash = "sha256:35f29491a3e478407f7047b8a4834e4640a77d2737e0b294d049746507af5175", size = 160798, upload-time = "2025-11-17T22:32:02.864Z" },
    { url = "https://files.pythonhosted.org/packages/4f/74/e9ddb35fd1dd43b1106c20ced3f53c2e8e7fc7598c15638e9f80677f81d4/ml_dtypes-0.5.4-cp313-cp313t-macosx_10_13_universal2.whl", hash = "sha256:304ad47faa395415b9ccbcc06a0350800bc50eda70f0e45326796e27c62f18b6", size = 702083, upload-time = "2025-11-17T22:32:04.08Z" },
    { url = "https://files.pythonhosted.org/packages/74/f5/667060b0aed1aa63166b22897fdf16dca9eb704e6b4bbf86848d5a181aa7/ml_dtypes-0.5.4-cp313-cp313t-manylinux_2_27_aarch64.manylinux_2_28_aarch64.whl", hash = "sha256:6a0df4223b514d799b8a1629c65ddc351b3efa833ccf7f8ea0cf654a61d1e35d", size = 5354111, upload-time = "2025-11-17T22:32:05.546Z" },
    { url = "https://files.pythonhosted.org/packages/40/49/0f8c498a28c0efa5f5c95a9e374c83ec1385ca41d0e85e7cf40e5d519a21/ml_dtypes-0.5.4-cp313-cp313t-manylinux_2_27_x86_64.manylinux_2_28_x86_64.whl", hash = "sha256:531eff30e4d368cb6255bc2328d070e35836aa4f282a0fb5f3a0cd7260257298", size = 5366453, upload-time = "2025-11-17T22:32:07.115Z" },
    { url = "https://files.pythonhosted.org/packages/8c/27/12607423d0a9c6bbbcc780ad19f1f6baa2b68b18ce4bddcdc122c4c68dc9/ml_dtypes-0.5.4-cp313-cp313t-win_amd64.whl", hash = "sha256:cb73dccfc991691c444acc8c0012bee8f2470da826a92e3a20bb333b1a7894e6", size = 225612, upload-time = "2025-11-17T22:32:08.615Z" },
    { url = "https://files.pythonhosted.org/packages/e5/80/5a5929e92c72936d5b19872c5fb8fc09327c1da67b3b68c6a13139e77e20/ml_dtypes-0.5.4-cp313-cp313t-win_arm64.whl", hash = "sha256:3bbbe120b915090d9dd1375e4684dd17a20a2491ef25d640a908281da85e73f1", size = 164145, upload-time = "2025-11-17T22:32:09.782Z" },
    { url = "https://files.pythonhosted.org/packages/72/4e/1339dc6e2557a344f5ba5590872e80346f76f6cb2ac3dd16e4666e88818c/ml_dtypes-0.5.4-cp314-cp314-macosx_10_13_universal2.whl", hash = "sha256:2b857d3af6ac0d39db1de7c706e69c7f9791627209c3d6dedbfca8c7e5faec22", size = 673781, upload-time = "2025-11-17T22:32:11.364Z" },
    { url = "https://files.pythonhosted.org/packages/04/f9/067b84365c7e83bda15bba2b06c6ca250ce27b20630b1128c435fb7a09aa/ml_dtypes-0.5.4-cp314-cp314-manylinux_2_27_aarch64.manylinux_2_28_aarch64.whl", hash = "sha256:805cef3a38f4eafae3a5bf9ebdcdb741d0bcfd9e1bd90eb54abd24f928cd2465", size = 5036145, upload-time = "2025-11-17T22:32:12.783Z" },
    { url = "https://files.pythonhosted.org/packages/c6/bb/82c7dcf38070b46172a517e2334e665c5bf374a262f99a283ea454bece7c/ml_dtypes-0.5.4-cp314-cp314-manylinux_2_27_x86_64.manylinux_2_28_x86_64.whl", hash = "sha256:14a4fd3228af936461db66faccef6e4f41c1d82fcc30e9f8d58a08916b1d811f", size = 5010230, upload-time = "2025-11-17T22:32:14.38Z" },
    { url = "https://files.pythonhosted.org/packages/e9/93/2bfed22d2498c468f6bcd0d9f56b033eaa19f33320389314c19ef6766413/ml_dtypes-0.5.4-cp314-cp314-win_amd64.whl", hash = "sha256:8c6a2dcebd6f3903e05d51960a8058d6e131fe69f952a5397e5dbabc841b6d56", size = 221032, upload-time = "2025-11-17T22:32:15.763Z" },
    { url = "https://files.pythonhosted.org/packages/76/a3/9c912fe6ea747bb10fe2f8f54d027eb265db05dfb0c6335e3e063e74e6e8/ml_dtypes-0.5.4-cp314-cp314-win_arm64.whl", hash = "sha256:5a0f68ca8fd8d16583dfa7793973feb86f2fbb56ce3966daf9c9f748f52a2049", size = 163353, upload-time = "2025-11-17T22:32:16.932Z" },
    { url = "https://files.pythonhosted.org/packages/cd/02/48aa7d84cc30ab4ee37624a2fd98c56c02326785750cd212bc0826c2f15b/ml_dtypes-0.5.4-cp314-cp314t-macosx_10_13_universal2.whl", hash = "sha256:bfc534409c5d4b0bf945af29e5d0ab075eae9eecbb549ff8a29280db822f34f9", size = 702085, upload-time = "2025-11-17T22:32:18.175Z" },
    { url = "https://files.pythonhosted.org/packages/5a/e7/85cb99fe80a7a5513253ec7faa88a65306be071163485e9a626fce1b6e84/ml_dtypes-0.5.4-cp314-cp314t-manylinux_2_27_aarch64.manylinux_2_28_aarch64.whl", hash = "sha256:2314892cdc3fcf05e373d76d72aaa15fda9fb98625effa73c1d646f331fcecb7", size = 5355358, upload-time = "2025-11-17T22:32:19.7Z" },
    { url = "https://files.pythonhosted.org/packages/79/2b/a826ba18d2179a56e144aef69e57fb2ab7c464ef0b2111940ee8a3a223a2/ml_dtypes-0.5.4-cp314-cp314t-manylinux_2_27_x86_64.manylinux_2_28_x86_64.whl", hash = "sha256:0d2ffd05a2575b1519dc928c0b93c06339eb67173ff53acb00724502cda231cf", size = 5366332, upload-time = "2025-11-17T22:32:21.193Z" },
    { url = "https://files.pythonhosted.org/packages/84/44/f4d18446eacb20ea11e82f133ea8f86e2bf2891785b67d9da8d0ab0ef525/ml_dtypes-0.5.4-cp314-cp314t-win_amd64.whl", hash = "sha256:4381fe2f2452a2d7589689693d3162e876b3ddb0a832cde7a414f8e1adf7eab1", size = 236612, upload-time = "2025-11-17T22:32:22.579Z" },
    { url = "https://files.pythonhosted.org/packages/ad/3f/3d42e9a78fe5edf792a83c074b13b9b770092a4fbf3462872f4303135f09/ml_dtypes-0.5.4-cp314-cp314t-win_arm64.whl", hash = "sha256:11942cbf2cf92157db91e5022633c0d9474d4dfd813a909383bd23ce828a4b7d", size = 168825, upload-time = "2025-11-17T22:32:23.766Z" },
]

[[package]]
name = "numpy"
version = "2.5.0"
source = { registry = "https://pypi.org/simple" }
sdist = { url = "https://files.pythonhosted.org/packages/e7/05/3d27272d30698dc0ecb7fdfaa41ad70303b444f81722bb99bce1d818638a/numpy-2.5.0.tar.gz", hash = "sha256:5a129578019311b6e56bdd714250f19b518f7dceeeb8d1af5490f4942d3f891c", size = 20652461, upload-time = "2026-06-21T20:57:51.95Z" }
wheels = [
    { url = "https://files.pythonhosted.org/packages/8a/33/07675aaad7f26ea013d5e884d9a0d784b79c6bd7566c333f5a52fa3c610b/numpy-2.5.0-cp313-cp313-macosx_10_13_x86_64.whl", hash = "sha256:520e6b8be0a4b65840ac8090d4f51cef4bed66e2b0894d5a520f099adc24a9b2", size = 16784890, upload-time = "2026-06-21T20:56:40.799Z" },
    { url = "https://files.pythonhosted.org/packages/85/4b/953118a730ee3b35e28645e0eb4cf9beec5bdbb954e1ac2f5fcefba6bbc3/numpy-2.5.0-cp313-cp313-macosx_11_0_arm64.whl", hash = "sha256:146b81cdd3967fdb6beca8ba25f00c58741d8f3cbd797f55af0fbe0bfec3469c", size = 11754584, upload-time = "2026-06-21T20:56:43.094Z" },
    { url = "https://files.pythonhosted.org/packages/44/9b/56dd530c367c74ae17411027cea4135ca57e1e0583bf5594cee18bd83217/numpy-2.5.0-cp313-cp313-macosx_14_0_arm64.whl", hash = "sha256:126b88d95e8ff9b00c9e717aa540469f21d6180162f84c0caec51b16215d49cd", size = 5313904, upload-time = "2026-06-21T20:56:45.503Z" },
    { url = "https://files.pythonhosted.org/packages/ce/b0/bcd672edad27ecca7da1f7bb0ce72cd1706a4f2d79ae94990afc97c13e1c/numpy-2.5.0-cp313-cp313-macosx_14_0_x86_64.whl", hash = "sha256:d4313cef1594c5ce46c31b6e54e918338f63f16ee9322304e8c9114d6d81c8bd", size = 6648504, upload-time = "2026-06-21T20:56:47.567Z" },
    { url = "https://files.pythonhosted.org/packages/80/9e/15cdfcbd30a1544a46c9e487a00df331c4672450216538705a9e51fa6710/numpy-2.5.0-cp313-cp313-manylinux_2_27_aarch64.manylinux_2_28_aarch64.whl", hash = "sha256:750fb097caf26fa878746d9d119f6f9da12dedcbff1eea966c3e3447647c4a9e", size = 15150086, upload-time = "2026-06-21T20:56:49.352Z" },
    { url = "https://files.pythonhosted.org/packages/32/4e/8d7656ccaab3e81e97258b8a9bc5f0c8502513a92fb4ceb0a2cbfebc17bf/numpy-2.5.0-cp313-cp313-manylinux_2_27_x86_64.manylinux_2_28_x86_64.whl", hash = "sha256:3893adc2dc7c0412ba76777db55a049215d99c9aa3113003be8f49f4f1290ab9", size = 16647250, upload-time = "2026-06-21T20:56:51.542Z" },
    { url = "https://files.pythonhosted.org/packages/3c/81/97060281b602ed07f21b12f4ec409eac1f75a2f91fbc829ed8b2becf3ad4/numpy-2.5.0-cp313-cp313-musllinux_1_2_aarch64.whl", hash = "sha256:835e454dd99b238cdc5a3f63bce2371296f5ebc53ca1e0f8e6ddbb6d92a29aab", size = 16512864, upload-time = "2026-06-21T20:56:55.401Z" },
    { url = "https://files.pythonhosted.org/packages/33/ab/4496208146911f8d8ddb54f68a972aafa6c8d44babcb2ea03b0e5cc87c9d/numpy-2.5.0-cp313-cp313-musllinux_1_2_x86_64.whl", hash = "sha256:6f9836778081a0a3c02a6a21493f3e9f5b311f8d2541934f31f05583dc999ea4", size = 18408407, upload-time = "2026-06-21T20:56:57.75Z" },
    { url = "https://files.pythonhosted.org/packages/d4/9f/a4df67c181e4ee8b467aa3332dc2db10fd5c515136831302f3ca48bc0a01/numpy-2.5.0-cp313-cp313-win32.whl", hash = "sha256:0b525be4744b60bb0557ac872d53ef07d085b5f39622bc579c98d3809d05b988", size = 6054431, upload-time = "2026-06-21T20:57:00.016Z" },
    { url = "https://files.pythonhosted.org/packages/30/53/491e1c47c55b62ccc6a63c1c5b8635c73fc2258dddeb9bda27cae4a0ae96/numpy-2.5.0-cp313-cp313-win_amd64.whl", hash = "sha256:44353e2878930039db472b99dc353d749826e4010bd4d2a7f835e94a97a5c748", size = 12414420, upload-time = "2026-06-21T20:57:01.815Z" },
    { url = "https://files.pythonhosted.org/packages/eb/4a/25c2906f541e9d9f4c5769764db732e6627be91a13f4724fa10634d77db4/numpy-2.5.0-cp313-cp313-win_arm64.whl", hash = "sha256:48f54b00711f83a5f796b70c518e8c2b3c5848dda03a54911f23eb68519b9b60", size = 10339533, upload-time = "2026-06-21T20:57:03.961Z" },
    { url = "https://files.pythonhosted.org/packages/86/ad/abc44aaceaf7b17ee1edde2bbb4458da591bc79574cffff50c4bb35f00d1/numpy-2.5.0-cp314-cp314-macosx_10_15_x86_64.whl", hash = "sha256:f27582c55ba4c750b7c58c8faf021d2cd9324a662b466229db8a417b41368af9", size = 16783807, upload-time = "2026-06-21T20:57:06.253Z" },
    { url = "https://files.pythonhosted.org/packages/5d/39/b72e168daf9c00fb20c9fc996d00437ccecdef3102387775d29d7a62576d/numpy-2.5.0-cp314-cp314-macosx_11_0_arm64.whl", hash = "sha256:28e7137057d551e4a83c4ae414e3451f50568409db7569aacc7f9811ee06a446", size = 11765215, upload-time = "2026-06-21T20:57:08.547Z" },
    { url = "https://files.pythonhosted.org/packages/f7/a0/8400a9c0e3625182347593f5e1f57da9a617a534794805c8df5518154ddc/numpy-2.5.0-cp314-cp314-macosx_14_0_arm64.whl", hash = "sha256:e1da54b53e75cd9fcfc23efcc7edab2c6aecf97b6037566d8a0fe804af8ec57c", size = 5324493, upload-time = "2026-06-21T20:57:11.012Z" },
    { url = "https://files.pythonhosted.org/packages/f6/8c/0d104deaa0401c93395a629ec902891618a2eff76d19229139cb5a887bfc/numpy-2.5.0-cp314-cp314-macosx_14_0_x86_64.whl", hash = "sha256:694d8f74e156f7fd01179f1aa8faa2f648ab6ae0f70b6c3fe57a03249aea2303", size = 6645211, upload-time = "2026-06-21T20:57:12.919Z" },
    { url = "https://files.pythonhosted.org/packages/6a/d9/4a4a628c812750363786afc3d33492709a5cd64b215469c16b0f6c7bb811/numpy-2.5.0-cp314-cp314-manylinux_2_27_aarch64.manylinux_2_28_aarch64.whl", hash = "sha256:1a7569a7b53c77716f036bb28cb1c91f166a26ec7d9502cd1e4bdfe502fdec22", size = 15166004, upload-time = "2026-06-21T20:57:14.717Z" },
    { url = "https://files.pythonhosted.org/packages/a0/5e/2a902317d7fc4aa93236e80c932662dadfc459b323d758329e01775125e1/numpy-2.5.0-cp314-cp314-manylinux_2_27_x86_64.manylinux_2_28_x86_64.whl", hash = "sha256:39a0433bd4086ebd462960cf375e19195bb07b53dc1d87dd5fcf47ad78576f03", size = 16650797, upload-time = "2026-06-21T20:57:16.906Z" },
    { url = "https://files.pythonhosted.org/packages/e9/a0/a0090e6329f4ca5992c07847bb579c5259a19953dc57255bb08793142ffb/numpy-2.5.0-cp314-cp314-musllinux_1_2_aarch64.whl", hash = "sha256:929f0c79ac38bcbd7154fe631dc907abfeddbcc5027a896bd1f7767323271e7a", size = 16524647, upload-time = "2026-06-21T20:57:19.165Z" },
    { url = "https://files.pythonhosted.org/packages/5e/7d/6caf27734c42b65837e7461ed0dbbd6b6fc835060c9714ec59d673bb383a/numpy-2.5.0-cp314-cp314-musllinux_1_2_x86_64.whl", hash = "sha256:cc4f247a47bbf070bfd70be53ccdcf47b800af563535e7bbe172322197c30e21", size = 18411841, upload-time = "2026-06-21T20:57:21.638Z" },
    { url = "https://files.pythonhosted.org/packages/13/dc/26edadbd812536769a82c2e9e002234e33feb5da43061d47a044f6d309b7/numpy-2.5.0-cp314-cp314-win32.whl", hash = "sha256:5dc71423499fab3f46f7a7201155ade1669ea101f2f429d332df9e72f8161731", size = 6106361, upload-time = "2026-06-21T20:57:23.844Z" },
    { url = "https://files.pythonhosted.org/packages/f2/9e/4dd1459282229a72d92dece2ae9138e5cac94a72263a7ceb48f37434c925/numpy-2.5.0-cp314-cp314-win_amd64.whl", hash = "sha256:ebb81d9d5443e0309d6c54894c3fbed74ad7da0714352a67b6d773cd189eae73", size = 12551749, upload-time = "2026-06-21T20:57:25.945Z" },
    { url = "https://files.pythonhosted.org/packages/05/a7/6bc6384c080b86c7f6c85c5bc5b540b24f4f679cd144791d99574e90d462/numpy-2.5.0-cp314-cp314-win_arm64.whl", hash = "sha256:3b94d0d0deceebfad3e67ae5c0e5eb87371e8f7a0581cd04a779928c2450cf1e", size = 10617072, upload-time = "2026-06-21T20:57:28.175Z" },
    { url = "https://files.pythonhosted.org/packages/86/6b/4a2b71d66ada5608ae02b63f150dfad520f6940721cb7f029ad270befc0e/numpy-2.5.0-cp314-cp314t-macosx_11_0_arm64.whl", hash = "sha256:22f3d43e362d650bc39db1f17851302874a148ca95ba6981c1dfb5fa6862f35b", size = 11881067, upload-time = "2026-06-21T20:57:30.104Z" },
    { url = "https://files.pythonhosted.org/packages/dc/b2/d365eb40a20efb49d67e9feb90494ed8511282ee1f5fa16006675c65397d/numpy-2.5.0-cp314-cp314t-macosx_14_0_arm64.whl", hash = "sha256:243563efb4cd7528a264567e9fd206c87826457322521d06206a00bfa316c927", size = 5440290, upload-time = "2026-06-21T20:57:32.193Z" },
    { url = "https://files.pythonhosted.org/packages/fa/5e/e9c03188de5f9b767e46a8fe988bcfd3efad066a4a3fda8b9cb11a93f895/numpy-2.5.0-cp314-cp314t-macosx_14_0_x86_64.whl", hash = "sha256:84881d825ca75249b189bbee875fcfe3238aa5c479e6100893cda566e8e86826", size = 6748371, upload-time = "2026-06-21T20:57:33.933Z" },
    { url = "https://files.pythonhosted.org/packages/fd/1d/68c186a38a5027bae2c4ddd5ea681fdaf8b4d30fb7301def6d8ad270390f/numpy-2.5.0-cp314-cp314t-manylinux_2_27_aarch64.manylinux_2_28_aarch64.whl", hash = "sha256:cda12aa4779d42b8771180aba759c96f527d43446d8f380ab59e2b35e8489efd", size = 15214643, upload-time = "2026-06-21T20:57:35.677Z" },
    { url = "https://files.pythonhosted.org/packages/8c/67/73f67b7c7e20635baae9c4c3ead4ae7326a005900297a6110971abd62eb5/numpy-2.5.0-cp314-cp314t-manylinux_2_27_x86_64.manylinux_2_28_x86_64.whl", hash = "sha256:1c0121101093d2bd74981b10f8837d78e794a8ff57834eb27179f49e1ba11ac6", size = 16690128, upload-time = "2026-06-21T20:57:38.159Z" },
    { url = "https://files.pythonhosted.org/packages/eb/05/d4c1fb0c46d02a27d6b2b8b319a78c90937acec8631c1641874670b31e6f/numpy-2.5.0-cp314-cp314t-musllinux_1_2_aarch64.whl", hash = "sha256:d371c92cfa09da00022f501ab67fafaea813d752eb30ac44336d45b1e5b0268a", size = 16577902, upload-time = "2026-06-21T20:57:40.447Z" },
    { url = "https://files.pythonhosted.org/packages/9e/1d/771c797d50fa26e4888989cccf1d50ee51f530d4e455ad2692dcb64fa711/numpy-2.5.0-cp314-cp314t-musllinux_1_2_x86_64.whl", hash = "sha256:9990713e9c38154c6861e7547f1e3fc7a87e75ff09bab24ef1cc81d81c2835e9", size = 18452814, upload-time = "2026-06-21T20:57:42.875Z" },
    { url = "https://files.pythonhosted.org/packages/e8/46/52fc0d2a68d7643f0f149eeea5a5d8ea2a3507056ac8afa83c9212606e8b/numpy-2.5.0-cp314-cp314t-win32.whl", hash = "sha256:edadfbd4794b1086c0d822f81863e8a68fc129d132fd0bb9e31e955d7fbbbdb7", size = 6253168, upload-time = "2026-06-21T20:57:45.101Z" },
    { url = "https://files.pythonhosted.org/packages/2a/be/6c8d1118b5f13b2881dc095d5b345de19c6638b8959c17409b6eff84c8aa/numpy-2.5.0-cp314-cp314t-win_amd64.whl", hash = "sha256:f7e5fa4382967ae6548bd2f174219afb908e294b0d5f625af01166edd5f7d9aa", size = 12736286, upload-time = "2026-06-21T20:57:46.935Z" },
    { url = "https://files.pythonhosted.org/packages/fd/6a/d3a169aaf8536cf228d56a09e04bcb713a2fe4410d4e2105b9419b5a9c89/numpy-2.5.0-cp314-cp314t-win_arm64.whl", hash = "sha256:016623417bb330d719d579daf2d6b9a01ddc52e41a9ed61a47f39fde46dcd865", size = 10686451, upload-time = "2026-06-21T20:57:49.313Z" },
]

[[package]]
name = "opt-einsum"
version = "3.4.0"
source = { registry = "https://pypi.org/simple" }
sdist = { url = "https://files.pythonhosted.org/packages/8c/b9/2ac072041e899a52f20cf9510850ff58295003aa75525e58343591b0cbfb/opt_einsum-3.4.0.tar.gz", hash = "sha256:96ca72f1b886d148241348783498194c577fa30a8faac108586b14f1ba4473ac", size = 63004, upload-time = "2024-09-26T14:33:24.483Z" }
wheels = [
    { url = "https://files.pythonhosted.org/packages/23/cd/066e86230ae37ed0be70aae89aabf03ca8d9f39c8aea0dec8029455b5540/opt_einsum-3.4.0-py3-none-any.whl", hash = "sha256:69bb92469f86a1565195ece4ac0323943e83477171b91d24c35afe028a90d7cd", size = 71932, upload-time = "2024-09-26T14:33:23.039Z" },
]

[[package]]
name = "scipy"
version = "1.18.0"
source = { registry = "https://pypi.org/simple" }
dependencies = [
    { name = "numpy" },
]
sdist = { url = "https://files.pythonhosted.org/packages/a7/25/c2700dfaf6442b4effaa91af24ebce5dc9d31bb4a69706313aae70d72cd0/scipy-1.18.0.tar.gz", hash = "sha256:67b2ad2ad54c72ca6d04975a9b2df8c3638c34ddd5b28738e94fc2b57929d378", size = 30774447, upload-time = "2026-06-19T15:01:43.456Z" }
wheels = [
    { url = "https://files.pythonhosted.org/packages/05/52/9c0136c2de7ae0779b7b366447766cec6d9f0702c56bb8ffeb04c8fd3af4/scipy-1.18.0-cp313-cp313-macosx_10_15_x86_64.whl", hash = "sha256:09143f676d157d9f546d663504ef9c1becb819824f1afc018814176411942446", size = 31036107, upload-time = "2026-06-19T15:00:14.03Z" },
    { url = "https://files.pythonhosted.org/packages/02/73/0291a64843270f4efb86cdcf2ee0f2048631b65ec6b405398b2b4dbf11bf/scipy-1.18.0-cp313-cp313-macosx_12_0_arm64.whl", hash = "sha256:5efe260f69417b97ddae455bfb5a95e8359f7f66ad7fa9522a60feb66f169520", size = 28663303, upload-time = "2026-06-19T15:00:16.819Z" },
    { url = "https://files.pythonhosted.org/packages/d3/0f/10ffa0b697a572f4e0d48b92a88895d366422f019f723e7e14a84c050dac/scipy-1.18.0-cp313-cp313-macosx_14_0_arm64.whl", hash = "sha256:68363b7eaacd8b5dd426df56d782cc156468ac79a127a1b87ca597d6e2e82197", size = 20404960, upload-time = "2026-06-19T15:00:19.635Z" },
    { url = "https://files.pythonhosted.org/packages/7e/d2/e896cea21ba8edd6c81d4c55b1ffcc717e79698dcbebf9641b4cfb4c6622/scipy-1.18.0-cp313-cp313-macosx_14_0_x86_64.whl", hash = "sha256:c5557d8be5da8e41353fcd4d21491fdbab83b062fc579e94dc09a7c8ab4f669b", size = 23034074, upload-time = "2026-06-19T15:00:22.107Z" },
    { url = "https://files.pythonhosted.org/packages/ea/b2/e83ea34279a52c03374477c74006256ec78df65fc877baa4617d6de1d202/scipy-1.18.0-cp313-cp313-manylinux_2_27_aarch64.manylinux_2_28_aarch64.whl", hash = "sha256:0d13bca67c096d89fb95ced0d8921807300fce0275643aef9533cc63a0773468", size = 33942038, upload-time = "2026-06-19T15:00:24.964Z" },
    { url = "https://files.pythonhosted.org/packages/f6/af/e8fe5fb136f51e2b01678b92cb4106d10d8cd68ec147ead2e7cb0ac75398/scipy-1.18.0-cp313-cp313-manylinux_2_27_x86_64.manylinux_2_28_x86_64.whl", hash = "sha256:a46f9273dbd0eb1cefba61c9b8648b4dfe3cbc14a080176f9a73e44b8336dc7f", size = 35266390, upload-time = "2026-06-19T15:00:28.059Z" },
    { url = "https://files.pythonhosted.org/packages/3a/49/2c5cbb907b56695fc67517811d1db234dfd83381a84814ec220aded2794d/scipy-1.18.0-cp313-cp313-musllinux_1_2_aarch64.whl", hash = "sha256:5aba46108853ddfc77906b6557aac839d2b52e900c1d72a1180adaaab58d265f", size = 35551324, upload-time = "2026-06-19T15:00:31.014Z" },
    { url = "https://files.pythonhosted.org/packages/bb/73/eda39f7a2d306ff0ffc574afd13c0bbb6d10a603d9a413998ee269487a80/scipy-1.18.0-cp313-cp313-musllinux_1_2_x86_64.whl", hash = "sha256:b6f758e35f12757b5d95c00bc6de2438e229c2664b7a92e96f205959d9f2dfa4", size = 37404785, upload-time = "2026-06-19T15:00:34.072Z" },
    { url = "https://files.pythonhosted.org/packages/b7/d2/ae881ee28d014f38e0ccbfd974a06a919ba9af34f1f74bf42b5301891d63/scipy-1.18.0-cp313-cp313-win_amd64.whl", hash = "sha256:1afac4a847207c7ff8efd321734a50b06d0280b3b2a2c0fc2f413101747ad7c7", size = 36554943, upload-time = "2026-06-19T15:00:36.903Z" },
    { url = "https://files.pythonhosted.org/packages/70/3a/21154e2d54eb3639c6bf4dbae2e531c68356bfe95990daa30df33b30d556/scipy-1.18.0-cp313-cp313-win_arm64.whl", hash = "sha256:c5dbddf60e58c2312316d097271a8e73d40eaf2eabfa4d95ed7d3695bbf2ce7b", size = 24350911, upload-time = "2026-06-19T15:00:40.062Z" },
    { url = "https://files.pythonhosted.org/packages/78/b5/915a19b3de2f7430062b509653563db1633ddbb6f021b06731521115d4e2/scipy-1.18.0-cp314-cp314-macosx_10_15_x86_64.whl", hash = "sha256:4c256ee70c0d1a8a2ace807e199ccd4e3f57037433842abb3fb36bc17eaa9578", size = 31036253, upload-time = "2026-06-19T15:00:43.216Z" },
    { url = "https://files.pythonhosted.org/packages/d7/88/b72def7262e150d16be13fca37a96481138d624e700340bc3362a7588929/scipy-1.18.0-cp314-cp314-macosx_12_0_arm64.whl", hash = "sha256:2ef3abc54a4ffc53765374b0d5728532dfdd2585ed23f6b11c206a1f0b1b9af8", size = 28673758, upload-time = "2026-06-19T15:00:46.663Z" },
    { url = "https://files.pythonhosted.org/packages/91/02/2e636a61a525632c373cf6a9c24442a3ffb79e364d38e98b32042964ac32/scipy-1.18.0-cp314-cp314-macosx_14_0_arm64.whl", hash = "sha256:f2a6af57bd9e4a75d70e4117e78a1bbee84f79ae3fbb6d0111005d6ebcc4cb8d", size = 20415514, upload-time = "2026-06-19T15:00:49.399Z" },
    { url = "https://files.pythonhosted.org/packages/c9/b6/2135974442f6aba159d9d39d774a1c8cb19947016725d69fecc685df45bf/scipy-1.18.0-cp314-cp314-macosx_14_0_x86_64.whl", hash = "sha256:3f1ac564d3bf6c03d861d2cd87a1bea0da2887136f7fb1bf519c05a8971452d6", size = 23034398, upload-time = "2026-06-19T15:00:51.941Z" },
    { url = "https://files.pythonhosted.org/packages/f6/e6/ba89ec5abf6ee9257c0d1ec985573f3ae32742c24bc03e016388a40b1b15/scipy-1.18.0-cp314-cp314-manylinux_2_27_aarch64.manylinux_2_28_aarch64.whl", hash = "sha256:40395a5fcd1abee49a5c7aaa98c29db393eedc835138560a588c47ec16156690", size = 33998032, upload-time = "2026-06-19T15:00:54.838Z" },
    { url = "https://files.pythonhosted.org/packages/7f/c4/bc41eb19b0fd0db868f4132920879019318d80cc522ad8f2bca4611af808/scipy-1.18.0-cp314-cp314-manylinux_2_27_x86_64.manylinux_2_28_x86_64.whl", hash = "sha256:8ca01e8ae69f1b18e9a58d91afead31be3cef0dd905a10249dac559ee15460a0", size = 35283333, upload-time = "2026-06-19T15:00:58.152Z" },
    { url = "https://files.pythonhosted.org/packages/53/a4/cbdeef6eb3830a8462a9d4ada814de5fc984345cc9ecf17cbec51a036f1e/scipy-1.18.0-cp314-cp314-musllinux_1_2_aarch64.whl", hash = "sha256:7a7f3b01647384dbc3a711e8c6778e0aabbe93959249fef5c7393396bcac0867", size = 35610216, upload-time = "2026-06-19T15:01:01.155Z" },
    { url = "https://files.pythonhosted.org/packages/80/4d/b2b82502b65f661d1b789c1665dcdf315d5f12194e06fc0b37946294ebae/scipy-1.18.0-cp314-cp314-musllinux_1_2_x86_64.whl", hash = "sha256:6aa94e78ec192a30063a5e72e561c28af769dc311190b24fe91774eff1969709", size = 37418960, upload-time = "2026-06-19T15:01:04.155Z" },
    { url = "https://files.pythonhosted.org/packages/93/3e/902d836831474b0ab5a37d16404f7bc5fafd9efba632890e271ba952635f/scipy-1.18.0-cp314-cp314-win_amd64.whl", hash = "sha256:2d8bbdc6c817f5b4006a54d799d4f5bab6f910193cbb9a1ff310833d4d270f61", size = 37288845, upload-time = "2026-06-19T15:01:07.822Z" },
    { url = "https://files.pythonhosted.org/packages/b6/43/8d73b337a3bdb14daa0314f0434210747c02d79d729ce1777574a817dcf6/scipy-1.18.0-cp314-cp314-win_arm64.whl", hash = "sha256:18e9575f1569b2c54174e6159d32942e03731177f63dce7975f0a0c88d102f5b", size = 24988971, upload-time = "2026-06-19T15:01:11.076Z" },
    { url = "https://files.pythonhosted.org/packages/b4/b4/f11918b0508a2787031a0499a03fbe3546f3bb5ca05d01038c45b278c09a/scipy-1.18.0-cp314-cp314t-macosx_10_15_x86_64.whl", hash = "sha256:f351e0dd702687d12a402b867a1b4146a256923e1c38317cbc472f6372b94707", size = 31399325, upload-time = "2026-06-19T15:01:13.723Z" },
    { url = "https://files.pythonhosted.org/packages/7b/d1/1f287b57c0ff0ee5185dff3946d92c8017d39b0e431f0ae79a3ff1859512/scipy-1.18.0-cp314-cp314t-macosx_12_0_arm64.whl", hash = "sha256:7c7a51b33ce387193c97f228320cf8e87361daa1bba750638677729598b3e677", size = 29092110, upload-time = "2026-06-19T15:01:16.908Z" },
    { url = "https://files.pythonhosted.org/packages/ff/1a/7b74eb6c392fdcb27d414c0e7558a6d0231eb3b6d73571f479bb81ea8794/scipy-1.18.0-cp314-cp314t-macosx_14_0_arm64.whl", hash = "sha256:84031d7b052a54fae2f8632e0ec802073d385476eb9a63079bce6e23ef9283d4", size = 20833811, upload-time = "2026-06-19T15:01:20.488Z" },
    { url = "https://files.pythonhosted.org/packages/7c/ad/f3941716320a7b9cb4d68734a903b45fe16eff5fb7da7e16f2e619304979/scipy-1.18.0-cp314-cp314t-macosx_14_0_x86_64.whl", hash = "sha256:56abf29a7c067dde59be8b9a22d606a4ea1b2f2a4b756d9d903c62818f5dacce", size = 23396644, upload-time = "2026-06-19T15:01:23.364Z" },
    { url = "https://files.pythonhosted.org/packages/22/22/1446b62ffe07f9719b7d9b1b6a4e05a772833ae8f441fe4c22c34c9b250f/scipy-1.18.0-cp314-cp314t-manylinux_2_27_aarch64.manylinux_2_28_aarch64.whl", hash = "sha256:1ad44305cfa24b1ba5803cbbebf033590ccbac1aa5d612d727b785325ab408b0", size = 34079318, upload-time = "2026-06-19T15:01:26.002Z" },
    { url = "https://files.pythonhosted.org/packages/56/3b/b87da667098bb470fa30c7011b0ba351ee976dd395c78798c66e941665a3/scipy-1.18.0-cp314-cp314t-manylinux_2_27_x86_64.manylinux_2_28_x86_64.whl", hash = "sha256:945c1761b93f38d7f99ae81ae80c63e621471608c7eeead563f6df025585cd58", size = 35324320, upload-time = "2026-06-19T15:01:28.881Z" },
    { url = "https://files.pythonhosted.org/packages/f8/a1/c7932f91909759b0267f75fdea34e91309f96b895757534b76a90b6b4344/scipy-1.18.0-cp314-cp314t-musllinux_1_2_aarch64.whl", hash = "sha256:1a4441f15d620578772a49e5ab48c0ee1f7a0220e387110283062729136b2553", size = 35699541, upload-time = "2026-06-19T15:01:31.968Z" },
    { url = "https://files.pythonhosted.org/packages/f7/86/5185061a1fcc41d18c5dc2463969b3a3964b31d9ac67b2fb05d4c7ff7670/scipy-1.18.0-cp314-cp314t-musllinux_1_2_x86_64.whl", hash = "sha256:9aac6192fac56bf2ca534389d24623f07b39ff83317d58287285e7fbd622ff76", size = 37472480, upload-time = "2026-06-19T15:01:35.136Z" },
    { url = "https://files.pythonhosted.org/packages/31/8e/f04c68e39919a010d34f2ee1367fd705b0a25a02f609d755f0bfbc0a15fc/scipy-1.18.0-cp314-cp314t-win_amd64.whl", hash = "sha256:e40baea28ae7f5475c779741e2d90b1247c78531207b49c7030e698ff81cee3f", size = 37365390, upload-time = "2026-06-19T15:01:38.091Z" },
    { url = "https://files.pythonhosted.org/packages/d5/19/969dc072906c84dd0a3b05dcf57ea750936087d7873549e408b35cfc3f97/scipy-1.18.0-cp314-cp314t-win_arm64.whl", hash = "sha256:368e0a705903c466aa5f08eefb39e6b1b6b2d659e7352a31fd9e2438365be0f8", size = 25279661, upload-time = "2026-06-19T15:01:40.817Z" },
]

[[package]]
name = "ureinuz"
version = "0.0.1"
source = { virtual = "." }
dependencies = [
    { name = "jax" },
]

[package.metadata]
requires-dist = [{ name = "jax", specifier = ">=0.10.2" }]
